<?xml version="1.0" encoding="utf-8"?>
<Project ToolsVersion="4.0" xmlns="http://schemas.microsoft.com/developer/msbuild/2003">
  <ItemGroup>
    <Filter Include="Core">
      <UniqueIdentifier>{53496b3d-7874-4eed-9457-f13572373483}</UniqueIdentifier>
    </Filter>
    <Filter Include="Common">
      <UniqueIdentifier>{e64a9e93-0f26-41f3-a1e9-69100f3fea29}</UniqueIdentifier>
    </Filter>
    <Filter Include="Common\IntrusivePtr">
      <UniqueIdentifier>{c941c50c-b4d5-4249-8660-dce071488915}</UniqueIdentifier>
    </Filter>
    <Filter Include="Common\AComponents">
      <UniqueIdentifier>{ca8084c4-ddf0-4fdd-a535-7a2c070cca40}</UniqueIdentifier>
    </Filter>
    <Filter Include="Common\AComponents\SpaceRestrictionManager">
      <UniqueIdentifier>{0a0c4f51-2620-4bdd-90bb-e959adfaeb26}</UniqueIdentifier>
    </Filter>
    <Filter Include="Common\ASound">
      <UniqueIdentifier>{c1a43d33-f193-4ffb-855b-7772d0a4e8b0}</UniqueIdentifier>
    </Filter>
    <Filter Include="Common\ASpace">
      <UniqueIdentifier>{388bcaf6-b693-4a41-9059-ccba190d08bd}</UniqueIdentifier>
    </Filter>
    <Filter Include="Common\ObjectBroker">
      <UniqueIdentifier>{cd8c6b8c-0fbf-4802-9975-9dd55af733c2}</UniqueIdentifier>
    </Filter>
    <Filter Include="Common\ObjectFactory">
      <UniqueIdentifier>{1a554cea-699c-4762-9837-5d2c9759c7f4}</UniqueIdentifier>
    </Filter>
    <Filter Include="Common\ObjectFactory\object_item_abstract">
      <UniqueIdentifier>{275633e4-69e0-4d09-8c64-a9c01d08e087}</UniqueIdentifier>
    </Filter>
    <Filter Include="Common\ObjectFactory\object_item_client_server">
      <UniqueIdentifier>{aceddc7d-8642-48b3-aa87-e3cace82f8b3}</UniqueIdentifier>
    </Filter>
    <Filter Include="Common\ObjectFactory\object_item_script">
      <UniqueIdentifier>{171baa5d-ea32-4312-a102-a36636997147}</UniqueIdentifier>
    </Filter>
    <Filter Include="Common\ObjectFactory\object_item_single">
      <UniqueIdentifier>{331c3eb7-90e4-4834-82f5-98993e7f572c}</UniqueIdentifier>
    </Filter>
    <Filter Include="Common\SmartCast">
      <UniqueIdentifier>{4cec0e40-f59f-4cce-ade9-d4b8b45f9686}</UniqueIdentifier>
    </Filter>
    <Filter Include="Common\associative_vector">
      <UniqueIdentifier>{1fd17887-c330-497c-87c1-b0510ae1f3e3}</UniqueIdentifier>
    </Filter>
    <Filter Include="Scripts">
      <UniqueIdentifier>{f626ebbd-105e-4e3e-855e-d6c7d6f54791}</UniqueIdentifier>
    </Filter>
    <Filter Include="Scripts\ScriptClasses">
      <UniqueIdentifier>{05f93c3e-e77f-462c-8bf9-b2cb2150df7e}</UniqueIdentifier>
    </Filter>
    <Filter Include="Scripts\ScriptClasses\ScriptFmatrix">
      <UniqueIdentifier>{0e041128-ff29-4e9f-9187-8cc441513f0d}</UniqueIdentifier>
    </Filter>
    <Filter Include="Scripts\ScriptClasses\ScriptFvector">
      <UniqueIdentifier>{b0dd4138-988d-4ffe-96e9-e5ef36fd9df1}</UniqueIdentifier>
    </Filter>
    <Filter Include="Scripts\ScriptClasses\ScriptIniFile">
      <UniqueIdentifier>{609d9b62-53c3-449e-853b-42f4d369011b}</UniqueIdentifier>
    </Filter>
    <Filter Include="Scripts\ScriptClasses\ScriptIniFile\ScriptTokenList">
      <UniqueIdentifier>{1dd46e35-6085-4973-9164-999552dbe350}</UniqueIdentifier>
    </Filter>
    <Filter Include="Scripts\ScriptClasses\ScriptIniFile\ScriptRTokenList">
      <UniqueIdentifier>{e05865ba-0db6-4928-ae34-4c980b74ea93}</UniqueIdentifier>
    </Filter>
    <Filter Include="Scripts\ScriptClasses\ScriptNetPacket">
      <UniqueIdentifier>{677ac3c1-6cbe-4f43-a826-728c6434ff1d}</UniqueIdentifier>
    </Filter>
    <Filter Include="Scripts\ScriptClasses\ScriptSoundType">
      <UniqueIdentifier>{0984b730-cc84-40b8-ac0a-02c2bcf6c6b6}</UniqueIdentifier>
    </Filter>
    <Filter Include="Scripts\ScriptClasses\ScriptFlags">
      <UniqueIdentifier>{3bd83adb-4b0b-4d86-a482-8f8f5555aea1}</UniqueIdentifier>
    </Filter>
    <Filter Include="Scripts\ScriptClasses\ScriptReader">
      <UniqueIdentifier>{639ff30d-4627-49c1-abd2-9272d1b68863}</UniqueIdentifier>
    </Filter>
    <Filter Include="Scripts\ScriptEngine">
      <UniqueIdentifier>{eb0c0457-a0c5-4a1f-9f01-a194158f4df1}</UniqueIdentifier>
    </Filter>
    <Filter Include="Scripts\ScriptStorage">
      <UniqueIdentifier>{f389eea7-b47c-4125-abd7-b807cb72da09}</UniqueIdentifier>
    </Filter>
    <Filter Include="Scripts\ScriptProcess">
      <UniqueIdentifier>{eef34331-5465-4bc0-949a-844c09afc905}</UniqueIdentifier>
    </Filter>
    <Filter Include="Scripts\ScriptThread">
      <UniqueIdentifier>{4b51d65b-730e-4252-bb62-e53f2240f501}</UniqueIdentifier>
    </Filter>
    <Filter Include="Scripts\ScriptThread\ScriptStackTracker">
      <UniqueIdentifier>{6d8842cb-bc08-40f0-b3e9-c6cffb4139e2}</UniqueIdentifier>
    </Filter>
    <Filter Include="Scripts\ScriptDebugger">
      <UniqueIdentifier>{f4f758eb-fbb9-4970-8057-a53206217660}</UniqueIdentifier>
    </Filter>
    <Filter Include="Scripts\memory_manager">
      <UniqueIdentifier>{303f1838-1b7d-4208-ac14-0f17c682518a}</UniqueIdentifier>
    </Filter>
    <Filter Include="ServerStuff">
      <UniqueIdentifier>{c354928d-845e-4ad4-9846-dd7502252648}</UniqueIdentifier>
    </Filter>
    <Filter Include="ServerStuff\Common">
      <UniqueIdentifier>{c8481ade-331f-4fac-bef2-94654966cd4d}</UniqueIdentifier>
    </Filter>
    <Filter Include="ServerStuff\Common\ALifeStuff">
      <UniqueIdentifier>{8c93ce61-7419-4083-9dfa-5a10032e00dd}</UniqueIdentifier>
    </Filter>
    <Filter Include="ServerStuff\Common\ALifeStuff\artefact_order">
      <UniqueIdentifier>{d2254e09-9eb4-4ac7-bc8a-ed814fd1e761}</UniqueIdentifier>
    </Filter>
    <Filter Include="ServerStuff\Common\ALifeStuff\human_brain">
      <UniqueIdentifier>{1c8b78f4-5117-4c76-ac40-eaa15e8dbced}</UniqueIdentifier>
    </Filter>
    <Filter Include="ServerStuff\Common\ALifeStuff\monster_brain">
      <UniqueIdentifier>{51ae815b-2cec-4f74-a53c-197828ddb544}</UniqueIdentifier>
    </Filter>
    <Filter Include="ServerStuff\Common\GameStuff">
      <UniqueIdentifier>{52cae6a9-f3dc-461f-b8e9-f0163387f254}</UniqueIdentifier>
    </Filter>
    <Filter Include="ServerStuff\Common\NetworkStuff">
      <UniqueIdentifier>{f26d5cc8-ed88-4cd3-bb99-2b5b2f30eb17}</UniqueIdentifier>
    </Filter>
    <Filter Include="ServerStuff\Common\PhysicsStuff">
      <UniqueIdentifier>{e3aa23a6-3c0a-40ad-a9c1-134f2c5c3dba}</UniqueIdentifier>
    </Filter>
    <Filter Include="ServerStuff\Common\ServerStuff">
      <UniqueIdentifier>{d60c8242-0ce6-4b05-8424-ac27257983aa}</UniqueIdentifier>
    </Filter>
    <Filter Include="ServerStuff\ServerFactory">
      <UniqueIdentifier>{681238b7-1448-4ed1-b471-ceb05e079d5f}</UniqueIdentifier>
    </Filter>
    <Filter Include="ServerStuff\ServerEntities">
      <UniqueIdentifier>{16e4d8bf-efa3-4581-bd90-e1b837c09093}</UniqueIdentifier>
    </Filter>
    <Filter Include="ServerStuff\ServerEntities\objects">
      <UniqueIdentifier>{1610f5e6-d944-4e58-a20d-f26cf8b4192b}</UniqueIdentifier>
    </Filter>
    <Filter Include="ServerStuff\ServerEntities\objects_alife">
      <UniqueIdentifier>{4d133052-f616-48fa-9be6-b43de39381f8}</UniqueIdentifier>
    </Filter>
    <Filter Include="ServerStuff\ServerEntities\objects_alife_items">
      <UniqueIdentifier>{a74f9cc1-98a3-45bd-a42a-d73bad404d5a}</UniqueIdentifier>
    </Filter>
    <Filter Include="ServerStuff\ServerEntities\objects_alife_monsters">
      <UniqueIdentifier>{90eacd6e-6e5b-40d2-b966-2cc5e11e9854}</UniqueIdentifier>
    </Filter>
    <Filter Include="ServerStuff\ServerEntities\editor_properties">
      <UniqueIdentifier>{8058202c-656b-406a-af83-cfccd4dbc0a3}</UniqueIdentifier>
    </Filter>
    <Filter Include="ServerStuff\ServerEntities\scripts">
      <UniqueIdentifier>{5acd34ed-bf16-4c9e-a42b-8113438d98e2}</UniqueIdentifier>
    </Filter>
    <Filter Include="ServerStuff\ServerEntities\scripts\script_value">
      <UniqueIdentifier>{ce6e2285-50b5-44f9-92d4-07a130546dca}</UniqueIdentifier>
    </Filter>
    <Filter Include="ServerStuff\ServerEntities\scripts\script_value_wrapper">
      <UniqueIdentifier>{f6127e9e-a75e-4fb1-94e0-2153e3cd88e8}</UniqueIdentifier>
    </Filter>
    <Filter Include="ServerStuff\ServerEntities\scripts\script_value_container">
      <UniqueIdentifier>{94a30ba5-5c77-4883-b9d6-a0efce465021}</UniqueIdentifier>
    </Filter>
    <Filter Include="ServerStuff\ServerEntities\scripts\script_properties_list_helper">
      <UniqueIdentifier>{fb9e0371-9055-4eb7-9194-22869ddaf17a}</UniqueIdentifier>
    </Filter>
  </ItemGroup>
  <ItemGroup>
    <ClInclude Include="DrawUtils.h">
      <Filter>Core</Filter>
    </ClInclude>
    <ClInclude Include="stdafx.h">
      <Filter>Core</Filter>
    </ClInclude>
    <ClInclude Include="xr_LuaAllocator.h">
      <Filter>Core</Filter>
    </ClInclude>
    <ClInclude Include="xrSE_Factory.h">
      <Filter>Core</Filter>
    </ClInclude>
    <ClInclude Include="xrSE_Factory_import_export.h">
      <Filter>Core</Filter>
    </ClInclude>
    <ClInclude Include="defines.h">
      <Filter>Common</Filter>
    </ClInclude>
    <ClInclude Include="FastDelegate.h">
      <Filter>Common</Filter>
    </ClInclude>
    <ClInclude Include="xrLevel.h">
      <Filter>Common</Filter>
    </ClInclude>
    <ClInclude Include="intrusive_ptr.h">
      <Filter>Common\IntrusivePtr</Filter>
    </ClInclude>
    <ClInclude Include="intrusive_ptr_inline.h">
      <Filter>Common\IntrusivePtr</Filter>
    </ClInclude>
    <ClInclude Include="restriction_space.h">
      <Filter>Common\AComponents\SpaceRestrictionManager</Filter>
    </ClInclude>
    <ClInclude Include="ai_sounds.h">
      <Filter>Common\ASound</Filter>
    </ClInclude>
    <ClInclude Include="ai_space.h">
      <Filter>Common\ASpace</Filter>
    </ClInclude>
    <ClInclude Include="ai_space_inline.h">
      <Filter>Common\ASpace</Filter>
    </ClInclude>
    <ClInclude Include="object_broker.h">
      <Filter>Common\ObjectBroker</Filter>
    </ClInclude>
    <ClInclude Include="object_cloner.h">
      <Filter>Common\ObjectBroker</Filter>
    </ClInclude>
    <ClInclude Include="object_comparer.h">
      <Filter>Common\ObjectBroker</Filter>
    </ClInclude>
    <ClInclude Include="object_destroyer.h">
      <Filter>Common\ObjectBroker</Filter>
    </ClInclude>
    <ClInclude Include="object_interfaces.h">
      <Filter>Common\ObjectBroker</Filter>
    </ClInclude>
    <ClInclude Include="object_loader.h">
      <Filter>Common\ObjectBroker</Filter>
    </ClInclude>
    <ClInclude Include="object_saver.h">
      <Filter>Common\ObjectBroker</Filter>
    </ClInclude>
    <ClInclude Include="object_type_traits.h">
      <Filter>Common\ObjectBroker</Filter>
    </ClInclude>
    <ClInclude Include="clsid_game.h">
      <Filter>Common\ObjectFactory</Filter>
    </ClInclude>
    <ClInclude Include="object_factory.h">
      <Filter>Common\ObjectFactory</Filter>
    </ClInclude>
    <ClInclude Include="object_factory_impl.h">
      <Filter>Common\ObjectFactory</Filter>
    </ClInclude>
    <ClInclude Include="object_factory_inline.h">
      <Filter>Common\ObjectFactory</Filter>
    </ClInclude>
    <ClInclude Include="object_factory_space.h">
      <Filter>Common\ObjectFactory</Filter>
    </ClInclude>
    <ClInclude Include="object_item_abstract.h">
      <Filter>Common\ObjectFactory\object_item_abstract</Filter>
    </ClInclude>
    <ClInclude Include="object_item_abstract_inline.h">
      <Filter>Common\ObjectFactory\object_item_abstract</Filter>
    </ClInclude>
    <ClInclude Include="object_item_client_server.h">
      <Filter>Common\ObjectFactory\object_item_client_server</Filter>
    </ClInclude>
    <ClInclude Include="object_item_client_server_inline.h">
      <Filter>Common\ObjectFactory\object_item_client_server</Filter>
    </ClInclude>
    <ClInclude Include="object_item_script.h">
      <Filter>Common\ObjectFactory\object_item_script</Filter>
    </ClInclude>
    <ClInclude Include="object_item_script_inline.h">
      <Filter>Common\ObjectFactory\object_item_script</Filter>
    </ClInclude>
    <ClInclude Include="object_item_single.h">
      <Filter>Common\ObjectFactory\object_item_single</Filter>
    </ClInclude>
    <ClInclude Include="object_item_single_inline.h">
      <Filter>Common\ObjectFactory\object_item_single</Filter>
    </ClInclude>
    <ClInclude Include="smart_cast.h">
      <Filter>Common\SmartCast</Filter>
    </ClInclude>
    <ClInclude Include="smart_cast_impl0.h">
      <Filter>Common\SmartCast</Filter>
    </ClInclude>
    <ClInclude Include="smart_cast_impl1.h">
      <Filter>Common\SmartCast</Filter>
    </ClInclude>
    <ClInclude Include="smart_cast_impl2.h">
      <Filter>Common\SmartCast</Filter>
    </ClInclude>
    <ClInclude Include="associative_vector.h">
      <Filter>Common\associative_vector</Filter>
    </ClInclude>
    <ClInclude Include="associative_vector_compare_predicate.h">
      <Filter>Common\associative_vector</Filter>
    </ClInclude>
    <ClInclude Include="associative_vector_compare_predicate_inline.h">
      <Filter>Common\associative_vector</Filter>
    </ClInclude>
    <ClInclude Include="associative_vector_inline.h">
      <Filter>Common\associative_vector</Filter>
    </ClInclude>
    <ClInclude Include="script_export_macroses.h">
      <Filter>Scripts</Filter>
    </ClInclude>
    <ClInclude Include="script_export_space.h">
      <Filter>Scripts</Filter>
    </ClInclude>
    <ClInclude Include="script_space.h">
      <Filter>Scripts</Filter>
    </ClInclude>
    <ClInclude Include="script_space_forward.h">
      <Filter>Scripts</Filter>
    </ClInclude>
    <ClInclude Include="script_fmatrix.h">
      <Filter>Scripts\ScriptClasses\ScriptFmatrix</Filter>
    </ClInclude>
    <ClInclude Include="script_fcolor.h">
      <Filter>Scripts\ScriptClasses\ScriptFvector</Filter>
    </ClInclude>
    <ClInclude Include="script_fvector.h">
      <Filter>Scripts\ScriptClasses\ScriptFvector</Filter>
    </ClInclude>
    <ClInclude Include="script_ini_file.h">
      <Filter>Scripts\ScriptClasses\ScriptIniFile</Filter>
    </ClInclude>
    <ClInclude Include="script_ini_file_inline.h">
      <Filter>Scripts\ScriptClasses\ScriptIniFile</Filter>
    </ClInclude>
    <ClInclude Include="script_token_list.h">
      <Filter>Scripts\ScriptClasses\ScriptIniFile\ScriptTokenList</Filter>
    </ClInclude>
    <ClInclude Include="script_token_list_inline.h">
      <Filter>Scripts\ScriptClasses\ScriptIniFile\ScriptTokenList</Filter>
    </ClInclude>
    <ClInclude Include="script_rtoken_list.h">
      <Filter>Scripts\ScriptClasses\ScriptIniFile\ScriptRTokenList</Filter>
    </ClInclude>
    <ClInclude Include="script_rtoken_list_inline.h">
      <Filter>Scripts\ScriptClasses\ScriptIniFile\ScriptRTokenList</Filter>
    </ClInclude>
    <ClInclude Include="script_net_packet.h">
      <Filter>Scripts\ScriptClasses\ScriptNetPacket</Filter>
    </ClInclude>
    <ClInclude Include="script_sound_type.h">
      <Filter>Scripts\ScriptClasses\ScriptSoundType</Filter>
    </ClInclude>
    <ClInclude Include="script_flags.h">
      <Filter>Scripts\ScriptClasses\ScriptFlags</Filter>
    </ClInclude>
    <ClInclude Include="script_reader.h">
      <Filter>Scripts\ScriptClasses\ScriptReader</Filter>
    </ClInclude>
    <ClInclude Include="script_engine.h">
      <Filter>Scripts\ScriptEngine</Filter>
    </ClInclude>
    <ClInclude Include="script_engine_export.h">
      <Filter>Scripts\ScriptEngine</Filter>
    </ClInclude>
    <ClInclude Include="script_engine_inline.h">
      <Filter>Scripts\ScriptEngine</Filter>
    </ClInclude>
    <ClInclude Include="script_engine_space.h">
      <Filter>Scripts\ScriptEngine</Filter>
    </ClInclude>
    <ClInclude Include="script_storage.h">
      <Filter>Scripts\ScriptStorage</Filter>
    </ClInclude>
    <ClInclude Include="script_storage_inline.h">
      <Filter>Scripts\ScriptStorage</Filter>
    </ClInclude>
    <ClInclude Include="script_storage_space.h">
      <Filter>Scripts\ScriptStorage</Filter>
    </ClInclude>
    <ClInclude Include="script_process.h">
      <Filter>Scripts\ScriptProcess</Filter>
    </ClInclude>
    <ClInclude Include="script_process_inline.h">
      <Filter>Scripts\ScriptProcess</Filter>
    </ClInclude>
    <ClInclude Include="script_thread.h">
      <Filter>Scripts\ScriptThread</Filter>
    </ClInclude>
    <ClInclude Include="script_thread_inline.h">
      <Filter>Scripts\ScriptThread</Filter>
    </ClInclude>
    <ClInclude Include="script_stack_tracker.h">
      <Filter>Scripts\ScriptThread\ScriptStackTracker</Filter>
    </ClInclude>
    <ClInclude Include="script_stack_tracker_inline.h">
      <Filter>Scripts\ScriptThread\ScriptStackTracker</Filter>
    </ClInclude>
    <ClInclude Include="mslotutils.h">
      <Filter>Scripts\ScriptDebugger</Filter>
    </ClInclude>
    <ClInclude Include="script_callStack.h">
      <Filter>Scripts\ScriptDebugger</Filter>
    </ClInclude>
    <ClInclude Include="script_debugger.h">
      <Filter>Scripts\ScriptDebugger</Filter>
    </ClInclude>
    <ClInclude Include="script_debugger_messages.h">
      <Filter>Scripts\ScriptDebugger</Filter>
    </ClInclude>
    <ClInclude Include="script_debugger_threads.h">
      <Filter>Scripts\ScriptDebugger</Filter>
    </ClInclude>
    <ClInclude Include="script_debugger_utils.h">
      <Filter>Scripts\ScriptDebugger</Filter>
    </ClInclude>
    <ClInclude Include="script_file.h">
      <Filter>Scripts\ScriptDebugger</Filter>
    </ClInclude>
    <ClInclude Include="script_lua_helper.h">
      <Filter>Scripts\ScriptDebugger</Filter>
    </ClInclude>
    <ClInclude Include="doug_lea_memory_allocator.h">
      <Filter>Scripts\memory_manager</Filter>
    </ClInclude>
    <ClInclude Include="alife_space.h">
      <Filter>ServerStuff\Common\ALifeStuff</Filter>
    </ClInclude>
    <ClInclude Include="game_graph_space.h">
      <Filter>ServerStuff\Common\ALifeStuff</Filter>
    </ClInclude>
    <ClInclude Include="alife_artefact_order.h">
      <Filter>ServerStuff\Common\ALifeStuff\artefact_order</Filter>
    </ClInclude>
    <ClInclude Include="alife_human_brain.h">
      <Filter>ServerStuff\Common\ALifeStuff\human_brain</Filter>
    </ClInclude>
    <ClInclude Include="alife_human_brain_inline.h">
      <Filter>ServerStuff\Common\ALifeStuff\human_brain</Filter>
    </ClInclude>
    <ClInclude Include="alife_monster_brain.h">
      <Filter>ServerStuff\Common\ALifeStuff\monster_brain</Filter>
    </ClInclude>
    <ClInclude Include="alife_monster_brain_inline.h">
      <Filter>ServerStuff\Common\ALifeStuff\monster_brain</Filter>
    </ClInclude>
    <ClInclude Include="bone.h">
      <Filter>ServerStuff\Common\GameStuff</Filter>
    </ClInclude>
    <ClInclude Include="game_base_space.h">
      <Filter>ServerStuff\Common\GameStuff</Filter>
    </ClInclude>
    <ClInclude Include="inventory_space.h">
      <Filter>ServerStuff\Common\GameStuff</Filter>
    </ClInclude>
    <ClInclude Include="client_id.h">
      <Filter>ServerStuff\Common\NetworkStuff</Filter>
    </ClInclude>
    <ClInclude Include="NET_Compressor.h">
      <Filter>ServerStuff\Common\NetworkStuff</Filter>
    </ClInclude>
    <ClInclude Include="NET_utils.h">
      <Filter>ServerStuff\Common\NetworkStuff</Filter>
    </ClInclude>
    <ClInclude Include="PHNetState.h">
      <Filter>ServerStuff\Common\PhysicsStuff</Filter>
    </ClInclude>
    <ClInclude Include="PHSynchronize.h">
      <Filter>ServerStuff\Common\PhysicsStuff</Filter>
    </ClInclude>
    <ClInclude Include="character_info.h">
      <Filter>ServerStuff\Common\ServerStuff</Filter>
    </ClInclude>
    <ClInclude Include="character_info_defs.h">
      <Filter>ServerStuff\Common\ServerStuff</Filter>
    </ClInclude>
    <ClInclude Include="shared_data.h">
      <Filter>ServerStuff\Common\ServerStuff</Filter>
    </ClInclude>
    <ClInclude Include="specific_character.h">
      <Filter>ServerStuff\Common\ServerStuff</Filter>
    </ClInclude>
    <ClInclude Include="xml_str_id_loader.h">
      <Filter>ServerStuff\Common\ServerStuff</Filter>
    </ClInclude>
    <ClInclude Include="xrMessages.h">
      <Filter>ServerStuff\Common\ServerStuff</Filter>
    </ClInclude>
    <ClInclude Include="xrServer_Space.h">
      <Filter>ServerStuff\Common\ServerStuff</Filter>
    </ClInclude>
    <ClInclude Include="xrUIXmlParser.h">
      <Filter>ServerStuff\Common\ServerStuff</Filter>
    </ClInclude>
    <ClInclude Include="InfoPortionDefs.h">
      <Filter>ServerStuff\ServerEntities</Filter>
    </ClInclude>
    <ClInclude Include="ShapeData.h">
      <Filter>ServerStuff\ServerEntities</Filter>
    </ClInclude>
    <ClInclude Include="xrServer_Objects_Abstract.h">
      <Filter>ServerStuff\ServerEntities</Filter>
    </ClInclude>
    <ClInclude Include="xrServer_Objects_ALife_All.h">
      <Filter>ServerStuff\ServerEntities</Filter>
    </ClInclude>
    <ClInclude Include="xrServer_script_macroses.h">
      <Filter>ServerStuff\ServerEntities</Filter>
    </ClInclude>
    <ClInclude Include="xrServer_Object_Base.h">
      <Filter>ServerStuff\ServerEntities\objects</Filter>
    </ClInclude>
    <ClInclude Include="xrServer_Objects.h">
      <Filter>ServerStuff\ServerEntities\objects</Filter>
    </ClInclude>
    <ClInclude Include="xrServer_Objects_ALife.h">
      <Filter>ServerStuff\ServerEntities\objects_alife</Filter>
    </ClInclude>
    <ClInclude Include="xrServer_Objects_ALife_Items.h">
      <Filter>ServerStuff\ServerEntities\objects_alife_items</Filter>
    </ClInclude>
    <ClInclude Include="xrServer_Objects_ALife_Monsters.h">
      <Filter>ServerStuff\ServerEntities\objects_alife_monsters</Filter>
    </ClInclude>
    <ClInclude Include="ChooseTypes.h">
      <Filter>ServerStuff\ServerEntities\editor_properties</Filter>
    </ClInclude>
    <ClInclude Include="ItemListTypes.h">
      <Filter>ServerStuff\ServerEntities\editor_properties</Filter>
    </ClInclude>
    <ClInclude Include="PropertiesListTypes.h">
      <Filter>ServerStuff\ServerEntities\editor_properties</Filter>
    </ClInclude>
    <ClInclude Include="Sound.h">
      <Filter>ServerStuff\ServerEntities\editor_properties</Filter>
    </ClInclude>
    <ClInclude Include="WaveForm.h">
      <Filter>ServerStuff\ServerEntities\editor_properties</Filter>
    </ClInclude>
    <ClInclude Include="xrCDB.h">
      <Filter>ServerStuff\ServerEntities\editor_properties</Filter>
    </ClInclude>
    <ClInclude Include="xrEProps.h">
      <Filter>ServerStuff\ServerEntities\editor_properties</Filter>
    </ClInclude>
    <ClInclude Include="script_value.h">
      <Filter>ServerStuff\ServerEntities\scripts\script_value</Filter>
    </ClInclude>
    <ClInclude Include="script_value_inline.h">
      <Filter>ServerStuff\ServerEntities\scripts\script_value</Filter>
    </ClInclude>
    <ClInclude Include="script_value_wrapper.h">
      <Filter>ServerStuff\ServerEntities\scripts\script_value_wrapper</Filter>
    </ClInclude>
    <ClInclude Include="script_value_wrapper_inline.h">
      <Filter>ServerStuff\ServerEntities\scripts\script_value_wrapper</Filter>
    </ClInclude>
    <ClInclude Include="script_value_container.h">
      <Filter>ServerStuff\ServerEntities\scripts\script_value_container</Filter>
    </ClInclude>
    <ClInclude Include="script_value_container_impl.h">
      <Filter>ServerStuff\ServerEntities\scripts\script_value_container</Filter>
    </ClInclude>
    <ClInclude Include="script_properties_list_helper.h">
      <Filter>ServerStuff\ServerEntities\scripts\script_properties_list_helper</Filter>
    </ClInclude>
  </ItemGroup>
  <ItemGroup>
    <ClCompile Include="stdafx.cpp">
      <Filter>Core</Filter>
    </ClCompile>
    <ClCompile Include="xr_LuaAllocator.c">
      <Filter>Core</Filter>
    </ClCompile>
    <ClCompile Include="xrSE_Factory.cpp">
      <Filter>Core</Filter>
    </ClCompile>
    <ClCompile Include="ai_space.cpp">
      <Filter>Common\ASpace</Filter>
    </ClCompile>
    <ClCompile Include="object_factory.cpp">
      <Filter>Common\ObjectFactory</Filter>
    </ClCompile>
    <ClCompile Include="object_factory_register.cpp">
      <Filter>Common\ObjectFactory</Filter>
    </ClCompile>
    <ClCompile Include="object_factory_script.cpp">
      <Filter>Common\ObjectFactory</Filter>
    </ClCompile>
    <ClCompile Include="object_item_script.cpp">
      <Filter>Common\ObjectFactory\object_item_script</Filter>
    </ClCompile>
    <ClCompile Include="smart_cast.cpp">
      <Filter>Common\SmartCast</Filter>
    </ClCompile>
    <ClCompile Include="smart_cast_stats.cpp">
      <Filter>Common\SmartCast</Filter>
    </ClCompile>
    <ClCompile Include="script_fmatrix_script.cpp">
      <Filter>Scripts\ScriptClasses\ScriptFmatrix</Filter>
    </ClCompile>
    <ClCompile Include="script_fcolor_script.cpp">
      <Filter>Scripts\ScriptClasses\ScriptFvector</Filter>
    </ClCompile>
    <ClCompile Include="script_fvector_script.cpp">
      <Filter>Scripts\ScriptClasses\ScriptFvector</Filter>
    </ClCompile>
    <ClCompile Include="script_ini_file.cpp">
      <Filter>Scripts\ScriptClasses\ScriptIniFile</Filter>
    </ClCompile>
    <ClCompile Include="script_ini_file_script.cpp">
      <Filter>Scripts\ScriptClasses\ScriptIniFile</Filter>
    </ClCompile>
    <ClCompile Include="script_token_list.cpp">
      <Filter>Scripts\ScriptClasses\ScriptIniFile\ScriptTokenList</Filter>
    </ClCompile>
    <ClCompile Include="script_token_list_script.cpp">
      <Filter>Scripts\ScriptClasses\ScriptIniFile\ScriptTokenList</Filter>
    </ClCompile>
    <ClCompile Include="script_rtoken_list_script.cpp">
      <Filter>Scripts\ScriptClasses\ScriptIniFile\ScriptRTokenList</Filter>
    </ClCompile>
    <ClCompile Include="script_net_packet_script.cpp">
      <Filter>Scripts\ScriptClasses\ScriptNetPacket</Filter>
    </ClCompile>
    <ClCompile Include="script_sound_type_script.cpp">
      <Filter>Scripts\ScriptClasses\ScriptSoundType</Filter>
    </ClCompile>
    <ClCompile Include="script_flags_script.cpp">
      <Filter>Scripts\ScriptClasses\ScriptFlags</Filter>
    </ClCompile>
    <ClCompile Include="script_reader_script.cpp">
      <Filter>Scripts\ScriptClasses\ScriptReader</Filter>
    </ClCompile>
    <ClCompile Include="script_engine.cpp">
      <Filter>Scripts\ScriptEngine</Filter>
    </ClCompile>
    <ClCompile Include="script_engine_export.cpp">
      <Filter>Scripts\ScriptEngine</Filter>
    </ClCompile>
    <ClCompile Include="script_engine_script.cpp">
      <Filter>Scripts\ScriptEngine</Filter>
    </ClCompile>
    <ClCompile Include="script_storage.cpp">
      <Filter>Scripts\ScriptStorage</Filter>
    </ClCompile>
    <ClCompile Include="script_process.cpp">
      <Filter>Scripts\ScriptProcess</Filter>
    </ClCompile>
    <ClCompile Include="script_thread.cpp">
      <Filter>Scripts\ScriptThread</Filter>
    </ClCompile>
    <ClCompile Include="script_stack_tracker.cpp">
      <Filter>Scripts\ScriptThread\ScriptStackTracker</Filter>
    </ClCompile>
    <ClCompile Include="script_callStack.cpp">
      <Filter>Scripts\ScriptDebugger</Filter>
    </ClCompile>
    <ClCompile Include="script_debugger.cpp">
      <Filter>Scripts\ScriptDebugger</Filter>
    </ClCompile>
    <ClCompile Include="script_debugger_threads.cpp">
      <Filter>Scripts\ScriptDebugger</Filter>
    </ClCompile>
    <ClCompile Include="script_debugger_utils.cpp">
      <Filter>Scripts\ScriptDebugger</Filter>
    </ClCompile>
    <ClCompile Include="script_file.cpp">
      <Filter>Scripts\ScriptDebugger</Filter>
    </ClCompile>
    <ClCompile Include="script_lua_helper.cpp">
      <Filter>Scripts\ScriptDebugger</Filter>
    </ClCompile>
    <ClCompile Include="doug_lea_memory_allocator.c">
      <Filter>Scripts\memory_manager</Filter>
    </ClCompile>
    <ClCompile Include="alife_space.cpp">
      <Filter>ServerStuff\Common\ALifeStuff</Filter>
    </ClCompile>
    <ClCompile Include="alife_artefact_order.cpp">
      <Filter>ServerStuff\Common\ALifeStuff\artefact_order</Filter>
    </ClCompile>
    <ClCompile Include="alife_human_brain.cpp">
      <Filter>ServerStuff\Common\ALifeStuff\human_brain</Filter>
    </ClCompile>
    <ClCompile Include="alife_monster_brain.cpp">
      <Filter>ServerStuff\Common\ALifeStuff\monster_brain</Filter>
    </ClCompile>
    <ClCompile Include="PHNetState.cpp">
      <Filter>ServerStuff\Common\PhysicsStuff</Filter>
    </ClCompile>
    <ClCompile Include="PHSynchronize.cpp">
      <Filter>ServerStuff\Common\PhysicsStuff</Filter>
    </ClCompile>
    <ClCompile Include="character_info.cpp">
      <Filter>ServerStuff\Common\ServerStuff</Filter>
    </ClCompile>
    <ClCompile Include="specific_character.cpp">
      <Filter>ServerStuff\Common\ServerStuff</Filter>
    </ClCompile>
    <ClCompile Include="xrUIXmlParser.cpp">
      <Filter>ServerStuff\Common\ServerStuff</Filter>
    </ClCompile>
    <ClCompile Include="xrServer_Factory.cpp">
      <Filter>ServerStuff\ServerFactory</Filter>
    </ClCompile>
    <ClCompile Include="xrServer_Objects_Abstract.cpp">
      <Filter>ServerStuff\ServerEntities</Filter>
    </ClCompile>
    <ClCompile Include="xrServer_Object_Base.cpp">
      <Filter>ServerStuff\ServerEntities\objects</Filter>
    </ClCompile>
    <ClCompile Include="xrServer_Objects.cpp">
      <Filter>ServerStuff\ServerEntities\objects</Filter>
    </ClCompile>
    <ClCompile Include="xrServer_Objects_script.cpp">
      <Filter>ServerStuff\ServerEntities\objects</Filter>
    </ClCompile>
    <ClCompile Include="xrServer_Objects_script2.cpp">
      <Filter>ServerStuff\ServerEntities\objects</Filter>
    </ClCompile>
    <ClCompile Include="xrServer_Objects_ALife.cpp">
      <Filter>ServerStuff\ServerEntities\objects_alife</Filter>
    </ClCompile>
    <ClCompile Include="xrServer_Objects_ALife_script.cpp">
      <Filter>ServerStuff\ServerEntities\objects_alife</Filter>
    </ClCompile>
    <ClCompile Include="xrServer_Objects_ALife_script2.cpp">
      <Filter>ServerStuff\ServerEntities\objects_alife</Filter>
    </ClCompile>
    <ClCompile Include="xrServer_Objects_ALife_script3.cpp">
      <Filter>ServerStuff\ServerEntities\objects_alife</Filter>
    </ClCompile>
    <ClCompile Include="xrServer_Objects_ALife_Items.cpp">
      <Filter>ServerStuff\ServerEntities\objects_alife_items</Filter>
    </ClCompile>
    <ClCompile Include="xrServer_Objects_ALife_Items_script.cpp">
      <Filter>ServerStuff\ServerEntities\objects_alife_items</Filter>
    </ClCompile>
    <ClCompile Include="xrServer_Objects_ALife_Items_script2.cpp">
      <Filter>ServerStuff\ServerEntities\objects_alife_items</Filter>
    </ClCompile>
    <ClCompile Include="xrServer_Objects_ALife_Items_script3.cpp">
      <Filter>ServerStuff\ServerEntities\objects_alife_items</Filter>
    </ClCompile>
    <ClCompile Include="xrServer_Objects_ALife_Monsters.cpp">
      <Filter>ServerStuff\ServerEntities\objects_alife_monsters</Filter>
    </ClCompile>
    <ClCompile Include="xrServer_Objects_ALife_Monsters_script.cpp">
      <Filter>ServerStuff\ServerEntities\objects_alife_monsters</Filter>
    </ClCompile>
    <ClCompile Include="xrServer_Objects_ALife_Monsters_script2.cpp">
      <Filter>ServerStuff\ServerEntities\objects_alife_monsters</Filter>
    </ClCompile>
    <ClCompile Include="xrserver_objects_alife_monsters_script3.cpp">
      <Filter>ServerStuff\ServerEntities\objects_alife_monsters</Filter>
    </ClCompile>
    <ClCompile Include="xrServer_Objects_ALife_Monsters_script4.cpp">
      <Filter>ServerStuff\ServerEntities\objects_alife_monsters</Filter>
    </ClCompile>
    <ClCompile Include="properties_list_helper_script.cpp">
      <Filter>ServerStuff\ServerEntities\scripts\script_properties_list_helper</Filter>
    </ClCompile>
    <ClCompile Include="script_properties_list_helper.cpp">
      <Filter>ServerStuff\ServerEntities\scripts\script_properties_list_helper</Filter>
    </ClCompile>
  </ItemGroup>
</Project>