<?xml version="1.0" encoding="utf-8"?>
<Project ToolsVersion="4.0" xmlns="http://schemas.microsoft.com/developer/msbuild/2003">
  <ItemGroup>
    <Filter Include="Kernel">
      <UniqueIdentifier>{bce2bffe-1d6b-40ca-8fd1-a6bc9176b934}</UniqueIdentifier>
    </Filter>
    <Filter Include="Core">
      <UniqueIdentifier>{94407c87-3974-465a-ab03-082dcce3b888}</UniqueIdentifier>
    </Filter>
    <Filter Include="Core\memory">
      <UniqueIdentifier>{c7e42b6e-7522-4ce2-bb7d-343b5f66b371}</UniqueIdentifier>
    </Filter>
    <Filter Include="Details">
      <UniqueIdentifier>{c705b5c8-4514-40e3-a62c-236b7b536a73}</UniqueIdentifier>
    </Filter>
    <Filter Include="Stripifier">
      <UniqueIdentifier>{13f0ca70-5643-4a08-81d9-17c0524c69ab}</UniqueIdentifier>
    </Filter>
    <Filter Include="Glows">
      <UniqueIdentifier>{aa03debf-d35e-47f1-8a17-f57ec5a772f0}</UniqueIdentifier>
    </Filter>
    <Filter Include="Wallmarks">
      <UniqueIdentifier>{edad2461-5e54-470c-a4ae-4df2f45398e3}</UniqueIdentifier>
    </Filter>
    <Filter Include="Shading templates">
      <UniqueIdentifier>{2ee4e2f2-3c69-4872-bd2e-302e0f5761da}</UniqueIdentifier>
    </Filter>
    <Filter Include="Models">
      <UniqueIdentifier>{73ec9175-59e0-4f1a-b4b6-dcf1253eb43a}</UniqueIdentifier>
    </Filter>
    <Filter Include="Models\Visuals">
      <UniqueIdentifier>{92c286fb-86dc-40df-9162-7177b5e169a3}</UniqueIdentifier>
    </Filter>
    <Filter Include="Visibility">
      <UniqueIdentifier>{813a8d2b-1798-4bdc-b86b-c35c75999579}</UniqueIdentifier>
    </Filter>
    <Filter Include="Visibility\Sector/Portal">
      <UniqueIdentifier>{4f7437ef-cc69-4b86-bf3c-c012e95c7c0a}</UniqueIdentifier>
    </Filter>
    <Filter Include="Visibility\HOM Occlusion">
      <UniqueIdentifier>{3db5d324-5ced-47ff-8a93-ebf2c4a26be3}</UniqueIdentifier>
    </Filter>
    <Filter Include="Lights">
      <UniqueIdentifier>{69b7f92f-0346-4e00-a623-bfd993d32685}</UniqueIdentifier>
    </Filter>
  </ItemGroup>
  <ItemGroup>
    <ClInclude Include="cl_intersect.h">
      <Filter>Kernel</Filter>
    </ClInclude>
    <ClInclude Include="stdafx.h">
      <Filter>Kernel</Filter>
    </ClInclude>
    <ClInclude Include="xrRender_console.h">
      <Filter>Kernel</Filter>
    </ClInclude>
    <ClInclude Include="FStaticRender.h">
      <Filter>Core</Filter>
    </ClInclude>
    <ClInclude Include="FStaticRender_RenderTarget.h">
      <Filter>Core</Filter>
    </ClInclude>
    <ClInclude Include="PSLibrary.h">
      <Filter>Core</Filter>
    </ClInclude>
    <ClInclude Include="r__dsgraph_structure.h">
      <Filter>Core</Filter>
    </ClInclude>
    <ClInclude Include="r__dsgraph_types.h">
      <Filter>Core</Filter>
    </ClInclude>
    <ClInclude Include="r__occlusion.h">
      <Filter>Core</Filter>
    </ClInclude>
    <ClInclude Include="r__pixel_calculator.h">
      <Filter>Core</Filter>
    </ClInclude>
    <ClInclude Include="doug_lea_memory_allocator.h">
      <Filter>Core\memory</Filter>
    </ClInclude>
    <ClInclude Include="DetailFormat.h">
      <Filter>Details</Filter>
    </ClInclude>
    <ClInclude Include="DetailManager.h">
      <Filter>Details</Filter>
    </ClInclude>
    <ClInclude Include="DetailModel.h">
      <Filter>Details</Filter>
    </ClInclude>
    <ClInclude Include="NvTriStrip.h">
      <Filter>Stripifier</Filter>
    </ClInclude>
    <ClInclude Include="NvTriStripObjects.h">
      <Filter>Stripifier</Filter>
    </ClInclude>
    <ClInclude Include="VertexCache.h">
      <Filter>Stripifier</Filter>
    </ClInclude>
    <ClInclude Include="xrStripify.h">
      <Filter>Stripifier</Filter>
    </ClInclude>
    <ClInclude Include="GlowManager.h">
      <Filter>Glows</Filter>
    </ClInclude>
    <ClInclude Include="WallmarksEngine.h">
      <Filter>Wallmarks</Filter>
    </ClInclude>
    <ClInclude Include="Blender_Blur.h">
      <Filter>Shading templates</Filter>
    </ClInclude>
    <ClInclude Include="Blender_BmmD.h">
      <Filter>Shading templates</Filter>
    </ClInclude>
    <ClInclude Include="Blender_default_aref.h">
      <Filter>Shading templates</Filter>
    </ClInclude>
    <ClInclude Include="Blender_detail_still.h">
      <Filter>Shading templates</Filter>
    </ClInclude>
    <ClInclude Include="Blender_Editor_Selection.h">
      <Filter>Shading templates</Filter>
    </ClInclude>
    <ClInclude Include="Blender_Editor_Wire.h">
      <Filter>Shading templates</Filter>
    </ClInclude>
    <ClInclude Include="Blender_LaEmB.h">
      <Filter>Shading templates</Filter>
    </ClInclude>
    <ClInclude Include="Blender_Lm(EbB).h">
      <Filter>Shading templates</Filter>
    </ClInclude>
    <ClInclude Include="Blender_Model.h">
      <Filter>Shading templates</Filter>
    </ClInclude>
    <ClInclude Include="Blender_Model_EbB.h">
      <Filter>Shading templates</Filter>
    </ClInclude>
    <ClInclude Include="Blender_Particle.h">
      <Filter>Shading templates</Filter>
    </ClInclude>
    <ClInclude Include="Blender_Screen_GRAY.h">
      <Filter>Shading templates</Filter>
    </ClInclude>
    <ClInclude Include="Blender_Screen_SET.h">
      <Filter>Shading templates</Filter>
    </ClInclude>
    <ClInclude Include="Blender_Shadow_World.h">
      <Filter>Shading templates</Filter>
    </ClInclude>
    <ClInclude Include="Blender_tree.h">
      <Filter>Shading templates</Filter>
    </ClInclude>
    <ClInclude Include="Blender_Vertex.h">
      <Filter>Shading templates</Filter>
    </ClInclude>
    <ClInclude Include="Blender_Vertex_aref.h">
      <Filter>Shading templates</Filter>
    </ClInclude>
    <ClInclude Include="BlenderDefault.h">
      <Filter>Shading templates</Filter>
    </ClInclude>
    <ClInclude Include="ModelPool.h">
      <Filter>Models</Filter>
    </ClInclude>
    <ClInclude Include="FLOD.h">
      <Filter>Models\Visuals</Filter>
    </ClInclude>
    <ClInclude Include="FProgressive.h">
      <Filter>Models\Visuals</Filter>
    </ClInclude>
    <ClInclude Include="FSkinned.h">
      <Filter>Models\Visuals</Filter>
    </ClInclude>
    <ClInclude Include="FTreeVisual.h">
      <Filter>Models\Visuals</Filter>
    </ClInclude>
    <ClInclude Include="FVisual.h">
      <Filter>Models\Visuals</Filter>
    </ClInclude>
    <ClInclude Include="ParticleEffect.h">
      <Filter>Models\Visuals</Filter>
    </ClInclude>
    <ClInclude Include="ParticleEffectDef.h">
      <Filter>Models\Visuals</Filter>
    </ClInclude>
    <ClInclude Include="ParticleGroup.h">
      <Filter>Models\Visuals</Filter>
    </ClInclude>
    <ClInclude Include="r__sector.h">
      <Filter>Visibility\Sector/Portal</Filter>
    </ClInclude>
    <ClInclude Include="HOM.h">
      <Filter>Visibility\HOM Occlusion</Filter>
    </ClInclude>
    <ClInclude Include="occRasterizer.h">
      <Filter>Visibility\HOM Occlusion</Filter>
    </ClInclude>
    <ClInclude Include="light.h">
      <Filter>Lights</Filter>
    </ClInclude>
    <ClInclude Include="Light_DB.h">
      <Filter>Lights</Filter>
    </ClInclude>
    <ClInclude Include="Light_Package.h">
      <Filter>Lights</Filter>
    </ClInclude>
    <ClInclude Include="LightPPA.h">
      <Filter>Lights</Filter>
    </ClInclude>
    <ClInclude Include="LightProjector.h">
      <Filter>Lights</Filter>
    </ClInclude>
    <ClInclude Include="LightShadows.h">
      <Filter>Lights</Filter>
    </ClInclude>
    <ClInclude Include="LightTrack.h">
      <Filter>Lights</Filter>
    </ClInclude>
  </ItemGroup>
  <ItemGroup>
    <ClCompile Include="stdafx.cpp">
      <Filter>Kernel</Filter>
    </ClCompile>
    <ClCompile Include="xrRender_console.cpp">
      <Filter>Kernel</Filter>
    </ClCompile>
    <ClCompile Include="xrRender_R1.cpp">
      <Filter>Kernel</Filter>
    </ClCompile>
    <ClCompile Include="FStaticRender.cpp">
      <Filter>Core</Filter>
    </ClCompile>
    <ClCompile Include="FStaticRender_Blenders.cpp">
      <Filter>Core</Filter>
    </ClCompile>
    <ClCompile Include="FStaticRender_DetectSector.cpp">
      <Filter>Core</Filter>
    </ClCompile>
    <ClCompile Include="FStaticRender_Loader.cpp">
      <Filter>Core</Filter>
    </ClCompile>
    <ClCompile Include="FStaticRender_RenderTarget.cpp">
      <Filter>Core</Filter>
    </ClCompile>
    <ClCompile Include="PSLibrary.cpp">
      <Filter>Core</Filter>
    </ClCompile>
    <ClCompile Include="r__dsgraph_build.cpp">
      <Filter>Core</Filter>
    </ClCompile>
    <ClCompile Include="r__dsgraph_render.cpp">
      <Filter>Core</Filter>
    </ClCompile>
    <ClCompile Include="r__dsgraph_render_lods.cpp">
      <Filter>Core</Filter>
    </ClCompile>
    <ClCompile Include="r__occlusion.cpp">
      <Filter>Core</Filter>
    </ClCompile>
    <ClCompile Include="r__pixel_calculator.cpp">
      <Filter>Core</Filter>
    </ClCompile>
    <ClCompile Include="r__screenshot.cpp">
      <Filter>Core</Filter>
    </ClCompile>
    <ClCompile Include="Texture.cpp">
      <Filter>Core</Filter>
    </ClCompile>
    <ClCompile Include="doug_lea_memory_allocator.c">
      <Filter>Core\memory</Filter>
    </ClCompile>
    <ClCompile Include="DetailManager.cpp">
      <Filter>Details</Filter>
    </ClCompile>
    <ClCompile Include="DetailManager_CACHE.cpp">
      <Filter>Details</Filter>
    </ClCompile>
    <ClCompile Include="DetailManager_Decompress.cpp">
      <Filter>Details</Filter>
    </ClCompile>
    <ClCompile Include="DetailManager_soft.cpp">
      <Filter>Details</Filter>
    </ClCompile>
    <ClCompile Include="DetailManager_VS.cpp">
      <Filter>Details</Filter>
    </ClCompile>
    <ClCompile Include="DetailModel.cpp">
      <Filter>Details</Filter>
    </ClCompile>
    <ClCompile Include="NvTriStrip.cpp">
      <Filter>Stripifier</Filter>
    </ClCompile>
    <ClCompile Include="NvTriStripObjects.cpp">
      <Filter>Stripifier</Filter>
    </ClCompile>
    <ClCompile Include="VertexCache.cpp">
      <Filter>Stripifier</Filter>
    </ClCompile>
    <ClCompile Include="xrStripify.cpp">
      <Filter>Stripifier</Filter>
    </ClCompile>
    <ClCompile Include="GlowManager.cpp">
      <Filter>Glows</Filter>
    </ClCompile>
    <ClCompile Include="WallmarksEngine.cpp">
      <Filter>Wallmarks</Filter>
    </ClCompile>
    <ClCompile Include="Blender_Blur.cpp">
      <Filter>Shading templates</Filter>
    </ClCompile>
    <ClCompile Include="Blender_BmmD.cpp">
      <Filter>Shading templates</Filter>
    </ClCompile>
    <ClCompile Include="Blender_default_aref.cpp">
      <Filter>Shading templates</Filter>
    </ClCompile>
    <ClCompile Include="Blender_detail_still.cpp">
      <Filter>Shading templates</Filter>
    </ClCompile>
    <ClCompile Include="Blender_Editor_Selection.cpp">
      <Filter>Shading templates</Filter>
    </ClCompile>
    <ClCompile Include="Blender_Editor_Wire.cpp">
      <Filter>Shading templates</Filter>
    </ClCompile>
    <ClCompile Include="Blender_LaEmB.cpp">
      <Filter>Shading templates</Filter>
    </ClCompile>
    <ClCompile Include="Blender_Lm(EbB).cpp">
      <Filter>Shading templates</Filter>
    </ClCompile>
    <ClCompile Include="Blender_Model.cpp">
      <Filter>Shading templates</Filter>
    </ClCompile>
    <ClCompile Include="Blender_Model_EbB.cpp">
      <Filter>Shading templates</Filter>
    </ClCompile>
    <ClCompile Include="Blender_Particle.cpp">
      <Filter>Shading templates</Filter>
    </ClCompile>
    <ClCompile Include="Blender_Screen_GRAY.cpp">
      <Filter>Shading templates</Filter>
    </ClCompile>
    <ClCompile Include="Blender_Screen_SET.cpp">
      <Filter>Shading templates</Filter>
    </ClCompile>
    <ClCompile Include="Blender_Shadow_World.cpp">
      <Filter>Shading templates</Filter>
    </ClCompile>
    <ClCompile Include="Blender_tree.cpp">
      <Filter>Shading templates</Filter>
    </ClCompile>
    <ClCompile Include="Blender_Vertex.cpp">
      <Filter>Shading templates</Filter>
    </ClCompile>
    <ClCompile Include="Blender_Vertex_aref.cpp">
      <Filter>Shading templates</Filter>
    </ClCompile>
    <ClCompile Include="BlenderDefault.cpp">
      <Filter>Shading templates</Filter>
    </ClCompile>
    <ClCompile Include="ModelPool.cpp">
      <Filter>Models</Filter>
    </ClCompile>
    <ClCompile Include="FLOD.cpp">
      <Filter>Models\Visuals</Filter>
    </ClCompile>
    <ClCompile Include="FProgressive.cpp">
      <Filter>Models\Visuals</Filter>
    </ClCompile>
    <ClCompile Include="FSkinned.cpp">
      <Filter>Models\Visuals</Filter>
    </ClCompile>
    <ClCompile Include="FTreeVisual.cpp">
      <Filter>Models\Visuals</Filter>
    </ClCompile>
    <ClCompile Include="FVisual.cpp">
      <Filter>Models\Visuals</Filter>
    </ClCompile>
    <ClCompile Include="ParticleEffect.cpp">
      <Filter>Models\Visuals</Filter>
    </ClCompile>
    <ClCompile Include="ParticleEffectDef.cpp">
      <Filter>Models\Visuals</Filter>
    </ClCompile>
    <ClCompile Include="ParticleGroup.cpp">
      <Filter>Models\Visuals</Filter>
    </ClCompile>
    <ClCompile Include="r__sector.cpp">
      <Filter>Visibility\Sector/Portal</Filter>
    </ClCompile>
    <ClCompile Include="r__sector_traversal.cpp">
      <Filter>Visibility\Sector/Portal</Filter>
    </ClCompile>
    <ClCompile Include="HOM.cpp">
      <Filter>Visibility\HOM Occlusion</Filter>
    </ClCompile>
    <ClCompile Include="occRasterizer.cpp">
      <Filter>Visibility\HOM Occlusion</Filter>
    </ClCompile>
    <ClCompile Include="occRasterizer_core.cpp">
      <Filter>Visibility\HOM Occlusion</Filter>
    </ClCompile>
    <ClCompile Include="light.cpp">
      <Filter>Lights</Filter>
    </ClCompile>
    <ClCompile Include="Light_DB.cpp">
      <Filter>Lights</Filter>
    </ClCompile>
    <ClCompile Include="Light_Package.cpp">
      <Filter>Lights</Filter>
    </ClCompile>
    <ClCompile Include="LightPPA.cpp">
      <Filter>Lights</Filter>
    </ClCompile>
    <ClCompile Include="LightProjector.cpp">
      <Filter>Lights</Filter>
    </ClCompile>
    <ClCompile Include="LightShadows.cpp">
      <Filter>Lights</Filter>
    </ClCompile>
    <ClCompile Include="LightTrack.cpp">
      <Filter>Lights</Filter>
    </ClCompile>
  </ItemGroup>
  <ItemGroup>
    <Text Include="Pipeline.txt" />
  </ItemGroup>
</Project>