<?xml version="1.0" encoding="utf-8"?>
<Project ToolsVersion="4.0" xmlns="http://schemas.microsoft.com/developer/msbuild/2003">
  <ItemGroup>
    <Filter Include="Source Files">
      <UniqueIdentifier>{45ddf1c9-38c5-4d5e-bd11-74afc33a9859}</UniqueIdentifier>
      <Extensions>cpp;c;cxx;rc;def;r;odl;idl;hpj;bat</Extensions>
    </Filter>
    <Filter Include="Header Files">
      <UniqueIdentifier>{34480c8c-bcc0-4382-a255-1fd4b6ad4812}</UniqueIdentifier>
      <Extensions>h;hpp;hxx;hm;inl</Extensions>
    </Filter>
  </ItemGroup>
  <ItemGroup>
    <ClCompile Include="..\lib\enc\dct.c">
      <Filter>Source Files</Filter>
    </ClCompile>
    <ClCompile Include="..\lib\enc\dct_decode.c">
      <Filter>Source Files</Filter>
    </ClCompile>
    <ClCompile Include="..\lib\enc\dct_encode.c">
      <Filter>Source Files</Filter>
    </ClCompile>
    <ClCompile Include="..\lib\enc\encapiwrapper.c">
      <Filter>Source Files</Filter>
    </ClCompile>
    <ClCompile Include="..\lib\enc\encode.c">
      <Filter>Source Files</Filter>
    </ClCompile>
    <ClCompile Include="..\lib\enc\encoder_huffman.c">
      <Filter>Source Files</Filter>
    </ClCompile>
    <ClCompile Include="..\lib\enc\encoder_idct.c">
      <Filter>Source Files</Filter>
    </ClCompile>
    <ClCompile Include="..\lib\enc\encoder_toplevel.c">
      <Filter>Source Files</Filter>
    </ClCompile>
    <ClCompile Include="..\lib\enc\encoder_quant.c">
      <Filter>Source Files</Filter>
    </ClCompile>
    <ClCompile Include="..\lib\enc\frarray.c">
      <Filter>Source Files</Filter>
    </ClCompile>
    <ClCompile Include="..\lib\enc\frinit.c">
      <Filter>Source Files</Filter>
    </ClCompile>
    <ClCompile Include="..\lib\enc\mathops.c">
      <Filter>Source Files</Filter>
    </ClCompile>
    <ClCompile Include="..\lib\enc\mcenc.c">
      <Filter>Source Files</Filter>
    </ClCompile>
    <ClCompile Include="..\lib\enc\mode.c">
      <Filter>Source Files</Filter>
    </ClCompile>
    <ClCompile Include="..\lib\enc\reconstruct.c">
      <Filter>Source Files</Filter>
    </ClCompile>
    <ClCompile Include="..\lib\enc\x86_32_vs\dsp_mmx.c">
      <Filter>Source Files</Filter>
    </ClCompile>
    <ClCompile Include="..\lib\enc\x86_32_vs\fdct_mmx.c">
      <Filter>Source Files</Filter>
    </ClCompile>
    <ClCompile Include="..\lib\enc\x86_32_vs\recon_mmx.c">
      <Filter>Source Files</Filter>
    </ClCompile>
    <ClCompile Include="..\lib\dec\apiwrapper.c">
      <Filter>Source Files</Filter>
    </ClCompile>
    <ClCompile Include="..\lib\dec\bitpack.c">
      <Filter>Source Files</Filter>
    </ClCompile>
    <ClCompile Include="..\lib\dec\decapiwrapper.c">
      <Filter>Source Files</Filter>
    </ClCompile>
    <ClCompile Include="..\lib\dec\decinfo.c">
      <Filter>Source Files</Filter>
    </ClCompile>
    <ClCompile Include="..\lib\dec\decode.c">
      <Filter>Source Files</Filter>
    </ClCompile>
    <ClCompile Include="..\lib\dec\dequant.c">
      <Filter>Source Files</Filter>
    </ClCompile>
    <ClCompile Include="..\lib\dec\fragment.c">
      <Filter>Source Files</Filter>
    </ClCompile>
    <ClCompile Include="..\lib\dec\huffdec.c">
      <Filter>Source Files</Filter>
    </ClCompile>
    <ClCompile Include="..\lib\dec\idct.c">
      <Filter>Source Files</Filter>
    </ClCompile>
    <ClCompile Include="..\lib\dec\info.c">
      <Filter>Source Files</Filter>
    </ClCompile>
    <ClCompile Include="..\lib\dec\internal.c">
      <Filter>Source Files</Filter>
    </ClCompile>
    <ClCompile Include="..\lib\dec\quant.c">
      <Filter>Source Files</Filter>
    </ClCompile>
    <ClCompile Include="..\lib\dec\state.c">
      <Filter>Source Files</Filter>
    </ClCompile>
    <ClCompile Include="..\lib\dec\x86_vc\mmxfrag.c">
      <Filter>Source Files</Filter>
    </ClCompile>
    <ClCompile Include="..\lib\dec\x86_vc\mmxidct.c">
      <Filter>Source Files</Filter>
    </ClCompile>
    <ClCompile Include="..\lib\dec\x86_vc\mmxloopfilter.c">
      <Filter>Source Files</Filter>
    </ClCompile>
    <ClCompile Include="..\lib\dec\x86_vc\mmxstate.c">
      <Filter>Source Files</Filter>
    </ClCompile>
    <ClCompile Include="..\lib\dec\x86_vc\x86stat.c">
      <Filter>Source Files</Filter>
    </ClCompile>
  </ItemGroup>
  <ItemGroup>
    <ClInclude Include="..\lib\dec\apiwrapper.h">
      <Filter>Header Files</Filter>
    </ClInclude>
    <ClInclude Include="..\lib\enc\block_inline.h">
      <Filter>Header Files</Filter>
    </ClInclude>
    <ClInclude Include="..\include\theora\codec.h">
      <Filter>Header Files</Filter>
    </ClInclude>
    <ClInclude Include="..\lib\enc\codec_internal.h">
      <Filter>Header Files</Filter>
    </ClInclude>
    <ClInclude Include="..\lib\cpu.h">
      <Filter>Header Files</Filter>
    </ClInclude>
    <ClInclude Include="..\lib\dec\dct.h">
      <Filter>Header Files</Filter>
    </ClInclude>
    <ClInclude Include="..\lib\dec\decint.h">
      <Filter>Header Files</Filter>
    </ClInclude>
    <ClInclude Include="..\lib\dec\dequant.h">
      <Filter>Header Files</Filter>
    </ClInclude>
    <ClInclude Include="..\lib\enc\dsp.h">
      <Filter>Header Files</Filter>
    </ClInclude>
    <ClInclude Include="..\lib\enc\encoder_huffman.h">
      <Filter>Header Files</Filter>
    </ClInclude>
    <ClInclude Include="..\lib\enc\encoder_lookup.h">
      <Filter>Header Files</Filter>
    </ClInclude>
    <ClInclude Include="..\lib\dec\enquant.h">
      <Filter>Header Files</Filter>
    </ClInclude>
    <ClInclude Include="..\lib\dec\huffdec.h">
      <Filter>Header Files</Filter>
    </ClInclude>
    <ClInclude Include="..\lib\dec\huffman.h">
      <Filter>Header Files</Filter>
    </ClInclude>
    <ClInclude Include="..\lib\enc\hufftables.h">
      <Filter>Header Files</Filter>
    </ClInclude>
    <ClInclude Include="..\lib\dec\idct.h">
      <Filter>Header Files</Filter>
    </ClInclude>
    <ClInclude Include="..\lib\internal.h">
      <Filter>Header Files</Filter>
    </ClInclude>
    <ClInclude Include="..\lib\dec\ocintrin.h">
      <Filter>Header Files</Filter>
    </ClInclude>
    <ClInclude Include="..\lib\enc\pp.h">
      <Filter>Header Files</Filter>
    </ClInclude>
    <ClInclude Include="..\lib\dec\quant.h">
      <Filter>Header Files</Filter>
    </ClInclude>
    <ClInclude Include="..\lib\enc\quant_lookup.h">
      <Filter>Header Files</Filter>
    </ClInclude>
    <ClInclude Include="..\include\theora\theora.h">
      <Filter>Header Files</Filter>
    </ClInclude>
    <ClInclude Include="..\include\theora\theoradec.h">
      <Filter>Header Files</Filter>
    </ClInclude>
    <ClInclude Include="..\lib\enc\toplevel_lookup.h">
      <Filter>Header Files</Filter>
    </ClInclude>
  </ItemGroup>
</Project>